
Microsoft Visual Studio Solution File, Format Version 12.00
# Visual Studio 15
VisualStudioVersion = 15.0.28307.168
MinimumVisualStudioVersion = 10.0.40219.1
Project("{FAE04EC0-301F-11D3-BF4B-00C04F79EFBC}") = "QuizMaker-test2", "QuizMaker-test2\QuizMaker-test2.csproj", "{99B33BB1-E435-4348-8928-63145AFAB6D2}"
EndProject
Global
	GlobalSection(SolutionConfigurationPlatforms) = preSolution
		Debug|Any CPU = Debug|Any CPU
		Release|Any CPU = Release|Any CPU
	EndGlobalSection
	GlobalSection(ProjectConfigurationPlatforms) = postSolution
		{99B33BB1-E435-4348-8928-63145AFAB6D2}.Debug|Any CPU.ActiveCfg = Debug|Any CPU
		{99B33BB1-E435-4348-8928-63145AFAB6D2}.Debug|Any CPU.Build.0 = Debug|Any CPU
		{99B33BB1-E435-4348-8928-63145AFAB6D2}.Release|Any CPU.ActiveCfg = Release|Any CPU
		{99B33BB1-E435-4348-8928-63145AFAB6D2}.Release|Any CPU.Build.0 = Release|Any CPU
	EndGlobalSection
	GlobalSection(SolutionProperties) = preSolution
		HideSolutionNode = FALSE
	EndGlobalSection
	GlobalSection(ExtensibilityGlobals) = postSolution
		SolutionGuid = {0AD3EA45-1D9D-492B-9FE2-3AEE2B46A6C4}
	EndGlobalSection
EndGlobal
